
Microsoft Visual Studio Solution File, Format Version 12.00
# Visual Studio Version 17
VisualStudioVersion = 17.6.33815.320
MinimumVisualStudioVersion = 10.0.40219.1
Project("{9A19103F-16F7-4668-BE54-9A1E7A4F7556}") = "StudentAdmissionManagement", "StudentAdmissionManagement\StudentAdmissionManagement.csproj", "{15653C00-C3D1-4898-974D-3C9EC5124DB1}"
EndProject
Project("{9A19103F-16F7-4668-BE54-9A1E7A4F7556}") = "StudentAttendanceManagement", "StudentAttendanceManagement\StudentAttendanceManagement.csproj", "{CDD8AF50-C383-40EB-B50C-22587433A3AF}"
EndProject
Project("{9A19103F-16F7-4668-BE54-9A1E7A4F7556}") = "SchoolAPIGateway", "SchoolAPIGateway\SchoolAPIGateway.csproj", "{254287C6-1CED-42E0-9274-3B46C4E14122}"
EndProject
Global
	GlobalSection(SolutionConfigurationPlatforms) = preSolution
		Debug|Any CPU = Debug|Any CPU
		Release|Any CPU = Release|Any CPU
	EndGlobalSection
	GlobalSection(ProjectConfigurationPlatforms) = postSolution
		{15653C00-C3D1-4898-974D-3C9EC5124DB1}.Debug|Any CPU.ActiveCfg = Debug|Any CPU
		{15653C00-C3D1-4898-974D-3C9EC5124DB1}.Debug|Any CPU.Build.0 = Debug|Any CPU
		{15653C00-C3D1-4898-974D-3C9EC5124DB1}.Release|Any CPU.ActiveCfg = Release|Any CPU
		{15653C00-C3D1-4898-974D-3C9EC5124DB1}.Release|Any CPU.Build.0 = Release|Any CPU
		{CDD8AF50-C383-40EB-B50C-22587433A3AF}.Debug|Any CPU.ActiveCfg = Debug|Any CPU
		{CDD8AF50-C383-40EB-B50C-22587433A3AF}.Debug|Any CPU.Build.0 = Debug|Any CPU
		{CDD8AF50-C383-40EB-B50C-22587433A3AF}.Release|Any CPU.ActiveCfg = Release|Any CPU
		{CDD8AF50-C383-40EB-B50C-22587433A3AF}.Release|Any CPU.Build.0 = Release|Any CPU
		{254287C6-1CED-42E0-9274-3B46C4E14122}.Debug|Any CPU.ActiveCfg = Debug|Any CPU
		{254287C6-1CED-42E0-9274-3B46C4E14122}.Debug|Any CPU.Build.0 = Debug|Any CPU
		{254287C6-1CED-42E0-9274-3B46C4E14122}.Release|Any CPU.ActiveCfg = Release|Any CPU
		{254287C6-1CED-42E0-9274-3B46C4E14122}.Release|Any CPU.Build.0 = Release|Any CPU
	EndGlobalSection
	GlobalSection(SolutionProperties) = preSolution
		HideSolutionNode = FALSE
	EndGlobalSection
	GlobalSection(ExtensibilityGlobals) = postSolution
		SolutionGuid = {39C94F3A-09A6-4413-9AC4-41E1815FFD26}
	EndGlobalSection
EndGlobal
